<Solution>
  <Folder Name="/src/">
    <Project Path="src/OpenSynapse.App/OpenSynapse.App.csproj">
      <Platform Project="x64" />
    </Project>
    <Project Path="src/OpenSynapse.Core/OpenSynapse.Core.csproj" />
    <Project Path="src/OpenSynapse.Windows/OpenSynapse.Windows.csproj" />
  </Folder>
</Solution>
